
Microsoft Visual Studio Solution File, Format Version 12.00
# Visual Studio Version 17
VisualStudioVersion = 17.9.34607.119
MinimumVisualStudioVersion = 10.0.40219.1
Project("{9A19103F-16F7-4668-BE54-9A1E7A4F7556}") = "LabPreTest.Backend", "LabPreTest.Backend\LabPreTest.Backend.csproj", "{5286873B-6F2F-4AAA-9952-DF7CE3F0A502}"
EndProject
Project("{9A19103F-16F7-4668-BE54-9A1E7A4F7556}") = "LabPreTest.Shared", "LabPreTest.Shared\LabPreTest.Shared.csproj", "{1CB1274B-401A-4E79-B5D2-F998FBF808DB}"
EndProject
Project("{9A19103F-16F7-4668-BE54-9A1E7A4F7556}") = "LabPreTest.Frontend", "LabPreTest.Frontend\LabPreTest.Frontend.csproj", "{EF9F3352-858B-4D6F-ADB6-5034BA34E0B3}"
EndProject
Project("{9A19103F-16F7-4668-BE54-9A1E7A4F7556}") = "LabPreTest.Test", "LabPreTest.Test\LabPreTest.Test.csproj", "{931A772A-DD2E-4ED2-8D08-C2ABC8B3CB7E}"
EndProject
Global
	GlobalSection(SolutionConfigurationPlatforms) = preSolution
		Debug|Any CPU = Debug|Any CPU
		Release|Any CPU = Release|Any CPU
	EndGlobalSection
	GlobalSection(ProjectConfigurationPlatforms) = postSolution
		{5286873B-6F2F-4AAA-9952-DF7CE3F0A502}.Debug|Any CPU.ActiveCfg = Debug|Any CPU
		{5286873B-6F2F-4AAA-9952-DF7CE3F0A502}.Debug|Any CPU.Build.0 = Debug|Any CPU
		{5286873B-6F2F-4AAA-9952-DF7CE3F0A502}.Release|Any CPU.ActiveCfg = Release|Any CPU
		{5286873B-6F2F-4AAA-9952-DF7CE3F0A502}.Release|Any CPU.Build.0 = Release|Any CPU
		{1CB1274B-401A-4E79-B5D2-F998FBF808DB}.Debug|Any CPU.ActiveCfg = Debug|Any CPU
		{1CB1274B-401A-4E79-B5D2-F998FBF808DB}.Debug|Any CPU.Build.0 = Debug|Any CPU
		{1CB1274B-401A-4E79-B5D2-F998FBF808DB}.Release|Any CPU.ActiveCfg = Release|Any CPU
		{1CB1274B-401A-4E79-B5D2-F998FBF808DB}.Release|Any CPU.Build.0 = Release|Any CPU
		{EF9F3352-858B-4D6F-ADB6-5034BA34E0B3}.Debug|Any CPU.ActiveCfg = Debug|Any CPU
		{EF9F3352-858B-4D6F-ADB6-5034BA34E0B3}.Debug|Any CPU.Build.0 = Debug|Any CPU
		{EF9F3352-858B-4D6F-ADB6-5034BA34E0B3}.Release|Any CPU.ActiveCfg = Release|Any CPU
		{EF9F3352-858B-4D6F-ADB6-5034BA34E0B3}.Release|Any CPU.Build.0 = Release|Any CPU
		{931A772A-DD2E-4ED2-8D08-C2ABC8B3CB7E}.Debug|Any CPU.ActiveCfg = Debug|Any CPU
		{931A772A-DD2E-4ED2-8D08-C2ABC8B3CB7E}.Debug|Any CPU.Build.0 = Debug|Any CPU
		{931A772A-DD2E-4ED2-8D08-C2ABC8B3CB7E}.Release|Any CPU.ActiveCfg = Release|Any CPU
		{931A772A-DD2E-4ED2-8D08-C2ABC8B3CB7E}.Release|Any CPU.Build.0 = Release|Any CPU
	EndGlobalSection
	GlobalSection(SolutionProperties) = preSolution
		HideSolutionNode = FALSE
	EndGlobalSection
	GlobalSection(ExtensibilityGlobals) = postSolution
		SolutionGuid = {AC49BD95-63AD-406C-A36F-DE27C7461F5B}
	EndGlobalSection
EndGlobal
